
Microsoft Visual Studio Solution File, Format Version 12.00
# Visual Studio 14
VisualStudioVersion = 14.0.25123.0
MinimumVisualStudioVersion = 10.0.40219.1
Project("{FAE04EC0-301F-11D3-BF4B-00C04F79EFBC}") = "Cactus.Core", "Cactus.Core\Cactus.Core.csproj", "{88653D70-46AF-48F4-849F-942030FB8848}"
EndProject
Project("{FAE04EC0-301F-11D3-BF4B-00C04F79EFBC}") = "Cactus.Core.UnitTest", "Cactus.Core.UnitTest\Cactus.Core.UnitTest.csproj", "{88DB6B90-9036-4E45-88DE-73F7FE90E6BA}"
EndProject
Global
	GlobalSection(SolutionConfigurationPlatforms) = preSolution
		Debug|Any CPU = Debug|Any CPU
		Release|Any CPU = Release|Any CPU
	EndGlobalSection
	GlobalSection(ProjectConfigurationPlatforms) = postSolution
		{88653D70-46AF-48F4-849F-942030FB8848}.Debug|Any CPU.ActiveCfg = Debug|Any CPU
		{88653D70-46AF-48F4-849F-942030FB8848}.Debug|Any CPU.Build.0 = Debug|Any CPU
		{88653D70-46AF-48F4-849F-942030FB8848}.Release|Any CPU.ActiveCfg = Release|Any CPU
		{88653D70-46AF-48F4-849F-942030FB8848}.Release|Any CPU.Build.0 = Release|Any CPU
		{88DB6B90-9036-4E45-88DE-73F7FE90E6BA}.Debug|Any CPU.ActiveCfg = Debug|Any CPU
		{88DB6B90-9036-4E45-88DE-73F7FE90E6BA}.Debug|Any CPU.Build.0 = Debug|Any CPU
		{88DB6B90-9036-4E45-88DE-73F7FE90E6BA}.Release|Any CPU.ActiveCfg = Release|Any CPU
		{88DB6B90-9036-4E45-88DE-73F7FE90E6BA}.Release|Any CPU.Build.0 = Release|Any CPU
	EndGlobalSection
	GlobalSection(SolutionProperties) = preSolution
		HideSolutionNode = FALSE
	EndGlobalSection
EndGlobal
